
Microsoft Visual Studio Solution File, Format Version 12.00
# Visual Studio Version 16
VisualStudioVersion = 16.0.31105.61
MinimumVisualStudioVersion = 10.0.40219.1
Project("{9A19103F-16F7-4668-BE54-9A1E7A4F7556}") = "ConsoleApp", "ConsoleApp\ConsoleApp.csproj", "{ABAA198B-0DE3-4B48-BB9F-2B0294A3B36E}"
EndProject
Project("{FAE04EC0-301F-11D3-BF4B-00C04F79EFBC}") = "ConsoleApp.Test", "ConsoleApp.Test\ConsoleApp.Test.csproj", "{3A603D5D-77B5-40A1-91B4-D104D8AE39E9}"
EndProject
Global
	GlobalSection(SolutionConfigurationPlatforms) = preSolution
		Debug|Any CPU = Debug|Any CPU
		Release|Any CPU = Release|Any CPU
	EndGlobalSection
	GlobalSection(ProjectConfigurationPlatforms) = postSolution
		{ABAA198B-0DE3-4B48-BB9F-2B0294A3B36E}.Debug|Any CPU.ActiveCfg = Debug|Any CPU
		{ABAA198B-0DE3-4B48-BB9F-2B0294A3B36E}.Debug|Any CPU.Build.0 = Debug|Any CPU
		{ABAA198B-0DE3-4B48-BB9F-2B0294A3B36E}.Release|Any CPU.ActiveCfg = Release|Any CPU
		{ABAA198B-0DE3-4B48-BB9F-2B0294A3B36E}.Release|Any CPU.Build.0 = Release|Any CPU
		{3A603D5D-77B5-40A1-91B4-D104D8AE39E9}.Debug|Any CPU.ActiveCfg = Debug|Any CPU
		{3A603D5D-77B5-40A1-91B4-D104D8AE39E9}.Debug|Any CPU.Build.0 = Debug|Any CPU
		{3A603D5D-77B5-40A1-91B4-D104D8AE39E9}.Release|Any CPU.ActiveCfg = Release|Any CPU
		{3A603D5D-77B5-40A1-91B4-D104D8AE39E9}.Release|Any CPU.Build.0 = Release|Any CPU
	EndGlobalSection
	GlobalSection(SolutionProperties) = preSolution
		HideSolutionNode = FALSE
	EndGlobalSection
	GlobalSection(ExtensibilityGlobals) = postSolution
		SolutionGuid = {21C1F6BD-3FB8-4C3E-BA6B-D6E9F4B85D4B}
	EndGlobalSection
EndGlobal
