
Microsoft Visual Studio Solution File, Format Version 12.00
# Visual Studio Version 16
VisualStudioVersion = 16.0.31105.61
MinimumVisualStudioVersion = 10.0.40219.1
Project("{FAE04EC0-301F-11D3-BF4B-00C04F79EFBC}") = "ArrayHelper", "ArrayHelper\ArrayHelper.csproj", "{D21A8A25-4DC5-492C-B7C1-36DDE602BEF0}"
EndProject
Project("{FAE04EC0-301F-11D3-BF4B-00C04F79EFBC}") = "ConsoleApp", "ConsoleApp\ConsoleApp.csproj", "{C5238833-D352-42AE-8329-F8B27E6A5DCB}"
EndProject
Project("{FAE04EC0-301F-11D3-BF4B-00C04F79EFBC}") = "RectangleHelper", "RectangleHelper\RectangleHelper.csproj", "{2C07AE91-3E92-47F8-86F0-59A46C354C09}"
EndProject
Global
	GlobalSection(SolutionConfigurationPlatforms) = preSolution
		Debug|Any CPU = Debug|Any CPU
		Release|Any CPU = Release|Any CPU
	EndGlobalSection
	GlobalSection(ProjectConfigurationPlatforms) = postSolution
		{D21A8A25-4DC5-492C-B7C1-36DDE602BEF0}.Debug|Any CPU.ActiveCfg = Debug|Any CPU
		{D21A8A25-4DC5-492C-B7C1-36DDE602BEF0}.Debug|Any CPU.Build.0 = Debug|Any CPU
		{D21A8A25-4DC5-492C-B7C1-36DDE602BEF0}.Release|Any CPU.ActiveCfg = Release|Any CPU
		{D21A8A25-4DC5-492C-B7C1-36DDE602BEF0}.Release|Any CPU.Build.0 = Release|Any CPU
		{C5238833-D352-42AE-8329-F8B27E6A5DCB}.Debug|Any CPU.ActiveCfg = Debug|Any CPU
		{C5238833-D352-42AE-8329-F8B27E6A5DCB}.Debug|Any CPU.Build.0 = Debug|Any CPU
		{C5238833-D352-42AE-8329-F8B27E6A5DCB}.Release|Any CPU.ActiveCfg = Release|Any CPU
		{C5238833-D352-42AE-8329-F8B27E6A5DCB}.Release|Any CPU.Build.0 = Release|Any CPU
		{2C07AE91-3E92-47F8-86F0-59A46C354C09}.Debug|Any CPU.ActiveCfg = Debug|Any CPU
		{2C07AE91-3E92-47F8-86F0-59A46C354C09}.Debug|Any CPU.Build.0 = Debug|Any CPU
		{2C07AE91-3E92-47F8-86F0-59A46C354C09}.Release|Any CPU.ActiveCfg = Release|Any CPU
		{2C07AE91-3E92-47F8-86F0-59A46C354C09}.Release|Any CPU.Build.0 = Release|Any CPU
	EndGlobalSection
	GlobalSection(SolutionProperties) = preSolution
		HideSolutionNode = FALSE
	EndGlobalSection
	GlobalSection(ExtensibilityGlobals) = postSolution
		SolutionGuid = {A6A36387-D53B-4C47-8244-0908DBADC038}
	EndGlobalSection
EndGlobal
