
Microsoft Visual Studio Solution File, Format Version 12.00
# Visual Studio Version 16
VisualStudioVersion = 16.0.31105.61
MinimumVisualStudioVersion = 10.0.40219.1
Project("{9A19103F-16F7-4668-BE54-9A1E7A4F7556}") = "MatrixSortApp", "ConsoleApp\MatrixSortApp.csproj", "{81174FDF-08F8-4EDE-A120-794C5EF5B5D6}"
EndProject
Project("{FAE04EC0-301F-11D3-BF4B-00C04F79EFBC}") = "ObserverApp", "CountDownApp\ObserverApp.csproj", "{0DB32358-2CAC-4F6E-A334-C0CF590E01EF}"
EndProject
Global
	GlobalSection(SolutionConfigurationPlatforms) = preSolution
		Debug|Any CPU = Debug|Any CPU
		Release|Any CPU = Release|Any CPU
	EndGlobalSection
	GlobalSection(ProjectConfigurationPlatforms) = postSolution
		{81174FDF-08F8-4EDE-A120-794C5EF5B5D6}.Debug|Any CPU.ActiveCfg = Debug|Any CPU
		{81174FDF-08F8-4EDE-A120-794C5EF5B5D6}.Debug|Any CPU.Build.0 = Debug|Any CPU
		{81174FDF-08F8-4EDE-A120-794C5EF5B5D6}.Release|Any CPU.ActiveCfg = Release|Any CPU
		{81174FDF-08F8-4EDE-A120-794C5EF5B5D6}.Release|Any CPU.Build.0 = Release|Any CPU
		{0DB32358-2CAC-4F6E-A334-C0CF590E01EF}.Debug|Any CPU.ActiveCfg = Debug|Any CPU
		{0DB32358-2CAC-4F6E-A334-C0CF590E01EF}.Debug|Any CPU.Build.0 = Debug|Any CPU
		{0DB32358-2CAC-4F6E-A334-C0CF590E01EF}.Release|Any CPU.ActiveCfg = Release|Any CPU
		{0DB32358-2CAC-4F6E-A334-C0CF590E01EF}.Release|Any CPU.Build.0 = Release|Any CPU
	EndGlobalSection
	GlobalSection(SolutionProperties) = preSolution
		HideSolutionNode = FALSE
	EndGlobalSection
	GlobalSection(ExtensibilityGlobals) = postSolution
		SolutionGuid = {0521918D-AECD-4B8D-8A5E-A6392711CDBC}
	EndGlobalSection
EndGlobal
